// !$*UTF8*$!
{
	archiveVersion = 1;
	classes = {
	};
	objectVersion = 55;
	objects = {

/* Begin PBXBuildFile section */
		4429A79128633510001C7807 /* CommunityScreenViewModel.swift in Sources */ = {isa = PBXBuildFile; fileRef = 4429A78F28633495001C7807 /* CommunityScreenViewModel.swift */; };
		4447EFBD285B59F500BF67A6 /* FollowButton.swift in Sources */ = {isa = PBXBuildFile; fileRef = 447129732855D20C0029BAAC /* FollowButton.swift */; };
		4447EFC0285B59FA00BF67A6 /* UserView.swift in Sources */ = {isa = PBXBuildFile; fileRef = 4447EF86285B4D3F00BF67A6 /* UserView.swift */; };
		4447EFC2285B59FF00BF67A6 /* FollowersView.swift in Sources */ = {isa = PBXBuildFile; fileRef = 4447EF84285B4CC900BF67A6 /* FollowersView.swift */; };
		4447EFC4285B5A0200BF67A6 /* CommunityScreen.swift in Sources */ = {isa = PBXBuildFile; fileRef = 4447EF80285B48F600BF67A6 /* CommunityScreen.swift */; };
		4447EFC8285B5A0600BF67A6 /* PlaylistsView.swift in Sources */ = {isa = PBXBuildFile; fileRef = 4471295E285321180029BAAC /* PlaylistsView.swift */; };
		4447EFC9285B5A0600BF67A6 /* FakeAsyncImage.swift in Sources */ = {isa = PBXBuildFile; fileRef = 447129712855D1EC0029BAAC /* FakeAsyncImage.swift */; };
		4447EFCA285B5A0600BF67A6 /* PostsView.swift in Sources */ = {isa = PBXBuildFile; fileRef = 44712960285326A20029BAAC /* PostsView.swift */; };
		4447EFCC285B5A0B00BF67A6 /* Network.swift in Sources */ = {isa = PBXBuildFile; fileRef = 447129752855DB960029BAAC /* Network.swift */; };
		4447EFCE285B5A0E00BF67A6 /* Router.swift in Sources */ = {isa = PBXBuildFile; fileRef = 447129772855DDD30029BAAC /* Router.swift */; };
		4447EFD1285B5A1300BF67A6 /* HasPlaceholders.swift in Sources */ = {isa = PBXBuildFile; fileRef = 4447EF7C285B459B00BF67A6 /* HasPlaceholders.swift */; };
		4447EFD2285B5A1300BF67A6 /* HasStubs.swift in Sources */ = {isa = PBXBuildFile; fileRef = 4471296228532DEE0029BAAC /* HasStubs.swift */; };
		4447EFD4285B5A1E00BF67A6 /* App.swift in Sources */ = {isa = PBXBuildFile; fileRef = 4471294A285314CC0029BAAC /* App.swift */; };
		4447EFD6285B5AAB00BF67A6 /* Assets.xcassets in Resources */ = {isa = PBXBuildFile; fileRef = 4471294E285314CE0029BAAC /* Assets.xcassets */; };
/* End PBXBuildFile section */

/* Begin PBXFileReference section */
		4429A78F28633495001C7807 /* CommunityScreenViewModel.swift */ = {isa = PBXFileReference; lastKnownFileType = sourcecode.swift; path = CommunityScreenViewModel.swift; sourceTree = "<group>"; };
		4447EF7C285B459B00BF67A6 /* HasPlaceholders.swift */ = {isa = PBXFileReference; lastKnownFileType = sourcecode.swift; path = HasPlaceholders.swift; sourceTree = "<group>"; };
		4447EF80285B48F600BF67A6 /* CommunityScreen.swift */ = {isa = PBXFileReference; indentWidth = 2; lastKnownFileType = sourcecode.swift; path = CommunityScreen.swift; sourceTree = "<group>"; tabWidth = 2; };
		4447EF84285B4CC900BF67A6 /* FollowersView.swift */ = {isa = PBXFileReference; indentWidth = 2; lastKnownFileType = sourcecode.swift; path = FollowersView.swift; sourceTree = "<group>"; tabWidth = 2; };
		4447EF86285B4D3F00BF67A6 /* UserView.swift */ = {isa = PBXFileReference; indentWidth = 2; lastKnownFileType = sourcecode.swift; path = UserView.swift; sourceTree = "<group>"; tabWidth = 2; };
		4447EFAD285B59EC00BF67A6 /* Demo.app */ = {isa = PBXFileReference; explicitFileType = wrapper.application; includeInIndex = 0; path = Demo.app; sourceTree = BUILT_PRODUCTS_DIR; };
		4471294A285314CC0029BAAC /* App.swift */ = {isa = PBXFileReference; indentWidth = 2; lastKnownFileType = sourcecode.swift; path = App.swift; sourceTree = "<group>"; tabWidth = 2; };
		4471294E285314CE0029BAAC /* Assets.xcassets */ = {isa = PBXFileReference; lastKnownFileType = folder.assetcatalog; path = Assets.xcassets; sourceTree = "<group>"; };
		44712951285314CE0029BAAC /* Preview Assets.xcassets */ = {isa = PBXFileReference; lastKnownFileType = folder.assetcatalog; path = "Preview Assets.xcassets"; sourceTree = "<group>"; };
		4471295E285321180029BAAC /* PlaylistsView.swift */ = {isa = PBXFileReference; indentWidth = 2; lastKnownFileType = sourcecode.swift; path = PlaylistsView.swift; sourceTree = "<group>"; tabWidth = 2; };
		44712960285326A20029BAAC /* PostsView.swift */ = {isa = PBXFileReference; indentWidth = 2; lastKnownFileType = sourcecode.swift; path = PostsView.swift; sourceTree = "<group>"; tabWidth = 2; };
		4471296228532DEE0029BAAC /* HasStubs.swift */ = {isa = PBXFileReference; lastKnownFileType = sourcecode.swift; path = HasStubs.swift; sourceTree = "<group>"; };
		447129712855D1EC0029BAAC /* FakeAsyncImage.swift */ = {isa = PBXFileReference; indentWidth = 2; lastKnownFileType = sourcecode.swift; path = FakeAsyncImage.swift; sourceTree = "<group>"; tabWidth = 2; };
		447129732855D20C0029BAAC /* FollowButton.swift */ = {isa = PBXFileReference; indentWidth = 2; lastKnownFileType = sourcecode.swift; path = FollowButton.swift; sourceTree = "<group>"; tabWidth = 2; };
		447129752855DB960029BAAC /* Network.swift */ = {isa = PBXFileReference; indentWidth = 2; lastKnownFileType = sourcecode.swift; path = Network.swift; sourceTree = "<group>"; tabWidth = 2; wrapsLines = 1; };
		447129772855DDD30029BAAC /* Router.swift */ = {isa = PBXFileReference; lastKnownFileType = sourcecode.swift; path = Router.swift; sourceTree = "<group>"; };
/* End PBXFileReference section */

/* Begin PBXFrameworksBuildPhase section */
		4447EFAA285B59EC00BF67A6 /* Frameworks */ = {
			isa = PBXFrameworksBuildPhase;
			buildActionMask = 2147483647;
			files = (
			);
			runOnlyForDeploymentPostprocessing = 0;
		};
/* End PBXFrameworksBuildPhase section */

/* Begin PBXGroup section */
		4429A78E2863345D001C7807 /* Screens */ = {
			isa = PBXGroup;
			children = (
				4447EF80285B48F600BF67A6 /* CommunityScreen.swift */,
				4429A78F28633495001C7807 /* CommunityScreenViewModel.swift */,
			);
			path = Screens;
			sourceTree = "<group>";
		};
		4447EF88285B4E6200BF67A6 /* Views */ = {
			isa = PBXGroup;
			children = (
				447129712855D1EC0029BAAC /* FakeAsyncImage.swift */,
				447129732855D20C0029BAAC /* FollowButton.swift */,
				4447EF86285B4D3F00BF67A6 /* UserView.swift */,
				4447EF84285B4CC900BF67A6 /* FollowersView.swift */,
				4471295E285321180029BAAC /* PlaylistsView.swift */,
				44712960285326A20029BAAC /* PostsView.swift */,
			);
			path = Views;
			sourceTree = "<group>";
		};
		4447EF93285B593400BF67A6 /* Extensions */ = {
			isa = PBXGroup;
			children = (
				4471296228532DEE0029BAAC /* HasStubs.swift */,
				4447EF7C285B459B00BF67A6 /* HasPlaceholders.swift */,
			);
			path = Extensions;
			sourceTree = "<group>";
		};
		4447EFF4285ECDB300BF67A6 /* Deps */ = {
			isa = PBXGroup;
			children = (
				447129752855DB960029BAAC /* Network.swift */,
				447129772855DDD30029BAAC /* Router.swift */,
			);
			path = Deps;
			sourceTree = "<group>";
		};
		4471293E285314CC0029BAAC = {
			isa = PBXGroup;
			children = (
				44712949285314CC0029BAAC /* Podlodka */,
				44712948285314CC0029BAAC /* Products */,
			);
			sourceTree = "<group>";
		};
		44712948285314CC0029BAAC /* Products */ = {
			isa = PBXGroup;
			children = (
				4447EFAD285B59EC00BF67A6 /* Demo.app */,
			);
			name = Products;
			sourceTree = "<group>";
		};
		44712949285314CC0029BAAC /* Podlodka */ = {
			isa = PBXGroup;
			children = (
				4471294A285314CC0029BAAC /* App.swift */,
				4429A78E2863345D001C7807 /* Screens */,
				4447EF88285B4E6200BF67A6 /* Views */,
				4447EF93285B593400BF67A6 /* Extensions */,
				4447EFF4285ECDB300BF67A6 /* Deps */,
				4471294E285314CE0029BAAC /* Assets.xcassets */,
				44712950285314CE0029BAAC /* Preview Content */,
			);
			path = Podlodka;
			sourceTree = "<group>";
		};
		44712950285314CE0029BAAC /* Preview Content */ = {
			isa = PBXGroup;
			children = (
				44712951285314CE0029BAAC /* Preview Assets.xcassets */,
			);
			path = "Preview Content";
			sourceTree = "<group>";
		};
/* End PBXGroup section */

/* Begin PBXNativeTarget section */
		4447EFAC285B59EC00BF67A6 /* Demo */ = {
			isa = PBXNativeTarget;
			buildConfigurationList = 4447EFB8285B59EC00BF67A6 /* Build configuration list for PBXNativeTarget "Demo" */;
			buildPhases = (
				4447EFA9285B59EC00BF67A6 /* Sources */,
				4447EFAA285B59EC00BF67A6 /* Frameworks */,
				4447EFAB285B59EC00BF67A6 /* Resources */,
			);
			buildRules = (
			);
			dependencies = (
			);
			name = Demo;
			productName = stage2;
			productReference = 4447EFAD285B59EC00BF67A6 /* Demo.app */;
			productType = "com.apple.product-type.application";
		};
/* End PBXNativeTarget section */

/* Begin PBXProject section */
		4471293F285314CC0029BAAC /* Project object */ = {
			isa = PBXProject;
			attributes = {
				BuildIndependentTargetsInParallel = 1;
				LastSwiftUpdateCheck = 1340;
				LastUpgradeCheck = 1340;
				TargetAttributes = {
					4447EFAC285B59EC00BF67A6 = {
						CreatedOnToolsVersion = 13.4.1;
					};
				};
			};
			buildConfigurationList = 44712942285314CC0029BAAC /* Build configuration list for PBXProject "Podlodka" */;
			compatibilityVersion = "Xcode 13.0";
			developmentRegion = en;
			hasScannedForEncodings = 0;
			knownRegions = (
				en,
				Base,
			);
			mainGroup = 4471293E285314CC0029BAAC;
			productRefGroup = 44712948285314CC0029BAAC /* Products */;
			projectDirPath = "";
			projectRoot = "";
			targets = (
				4447EFAC285B59EC00BF67A6 /* Demo */,
			);
		};
/* End PBXProject section */

/* Begin PBXResourcesBuildPhase section */
		4447EFAB285B59EC00BF67A6 /* Resources */ = {
			isa = PBXResourcesBuildPhase;
			buildActionMask = 2147483647;
			files = (
				4447EFD6285B5AAB00BF67A6 /* Assets.xcassets in Resources */,
			);
			runOnlyForDeploymentPostprocessing = 0;
		};
/* End PBXResourcesBuildPhase section */

/* Begin PBXSourcesBuildPhase section */
		4447EFA9285B59EC00BF67A6 /* Sources */ = {
			isa = PBXSourcesBuildPhase;
			buildActionMask = 2147483647;
			files = (
				4447EFCE285B5A0E00BF67A6 /* Router.swift in Sources */,
				4447EFCC285B5A0B00BF67A6 /* Network.swift in Sources */,
				4447EFC2285B59FF00BF67A6 /* FollowersView.swift in Sources */,
				4447EFD4285B5A1E00BF67A6 /* App.swift in Sources */,
				4447EFC8285B5A0600BF67A6 /* PlaylistsView.swift in Sources */,
				4429A79128633510001C7807 /* CommunityScreenViewModel.swift in Sources */,
				4447EFC9285B5A0600BF67A6 /* FakeAsyncImage.swift in Sources */,
				4447EFC4285B5A0200BF67A6 /* CommunityScreen.swift in Sources */,
				4447EFBD285B59F500BF67A6 /* FollowButton.swift in Sources */,
				4447EFD2285B5A1300BF67A6 /* HasStubs.swift in Sources */,
				4447EFC0285B59FA00BF67A6 /* UserView.swift in Sources */,
				4447EFD1285B5A1300BF67A6 /* HasPlaceholders.swift in Sources */,
				4447EFCA285B5A0600BF67A6 /* PostsView.swift in Sources */,
			);
			runOnlyForDeploymentPostprocessing = 0;
		};
/* End PBXSourcesBuildPhase section */

/* Begin XCBuildConfiguration section */
		4447EFB9285B59EC00BF67A6 /* Debug */ = {
			isa = XCBuildConfiguration;
			buildSettings = {
				ASSETCATALOG_COMPILER_APPICON_NAME = AppIcon;
				ASSETCATALOG_COMPILER_GLOBAL_ACCENT_COLOR_NAME = AccentColor;
				CODE_SIGN_STYLE = Automatic;
				CURRENT_PROJECT_VERSION = 1;
				DEVELOPMENT_ASSET_PATHS = "\"Podlodka/Preview Content\"";
				DEVELOPMENT_TEAM = 24B6S22L79;
				ENABLE_PREVIEWS = YES;
				GENERATE_INFOPLIST_FILE = YES;
				INFOPLIST_KEY_UIApplicationSceneManifest_Generation = YES;
				INFOPLIST_KEY_UIApplicationSupportsIndirectInputEvents = YES;
				INFOPLIST_KEY_UILaunchScreen_Generation = YES;
				INFOPLIST_KEY_UISupportedInterfaceOrientations_iPad = "UIInterfaceOrientationPortrait UIInterfaceOrientationPortraitUpsideDown UIInterfaceOrientationLandscapeLeft UIInterfaceOrientationLandscapeRight";
				INFOPLIST_KEY_UISupportedInterfaceOrientations_iPhone = "UIInterfaceOrientationPortrait UIInterfaceOrientationLandscapeLeft UIInterfaceOrientationLandscapeRight";
				LD_RUNPATH_SEARCH_PATHS = (
					"$(inherited)",
					"@executable_path/Frameworks",
				);
				MARKETING_VERSION = 1.0;
				PRODUCT_BUNDLE_IDENTIFIER = ruslan.podlodka.demo;
				PRODUCT_NAME = "$(TARGET_NAME)";
				SWIFT_EMIT_LOC_STRINGS = YES;
				SWIFT_VERSION = 5.0;
				TARGETED_DEVICE_FAMILY = "1,2";
			};
			name = Debug;
		};
		4447EFBA285B59EC00BF67A6 /* Release */ = {
			isa = XCBuildConfiguration;
			buildSettings = {
				ASSETCATALOG_COMPILER_APPICON_NAME = AppIcon;
				ASSETCATALOG_COMPILER_GLOBAL_ACCENT_COLOR_NAME = AccentColor;
				CODE_SIGN_STYLE = Automatic;
				CURRENT_PROJECT_VERSION = 1;
				DEVELOPMENT_ASSET_PATHS = "\"Podlodka/Preview Content\"";
				DEVELOPMENT_TEAM = 24B6S22L79;
				ENABLE_PREVIEWS = YES;
				GENERATE_INFOPLIST_FILE = YES;
				INFOPLIST_KEY_UIApplicationSceneManifest_Generation = YES;
				INFOPLIST_KEY_UIApplicationSupportsIndirectInputEvents = YES;
				INFOPLIST_KEY_UILaunchScreen_Generation = YES;
				INFOPLIST_KEY_UISupportedInterfaceOrientations_iPad = "UIInterfaceOrientationPortrait UIInterfaceOrientationPortraitUpsideDown UIInterfaceOrientationLandscapeLeft UIInterfaceOrientationLandscapeRight";
				INFOPLIST_KEY_UISupportedInterfaceOrientations_iPhone = "UIInterfaceOrientationPortrait UIInterfaceOrientationLandscapeLeft UIInterfaceOrientationLandscapeRight";
				LD_RUNPATH_SEARCH_PATHS = (
					"$(inherited)",
					"@executable_path/Frameworks",
				);
				MARKETING_VERSION = 1.0;
				PRODUCT_BUNDLE_IDENTIFIER = ruslan.podlodka.demo;
				PRODUCT_NAME = "$(TARGET_NAME)";
				SWIFT_EMIT_LOC_STRINGS = YES;
				SWIFT_VERSION = 5.0;
				TARGETED_DEVICE_FAMILY = "1,2";
			};
			name = Release;
		};
		44712953285314CE0029BAAC /* Debug */ = {
			isa = XCBuildConfiguration;
			buildSettings = {
				ALWAYS_SEARCH_USER_PATHS = NO;
				CLANG_ANALYZER_NONNULL = YES;
				CLANG_ANALYZER_NUMBER_OBJECT_CONVERSION = YES_AGGRESSIVE;
				CLANG_CXX_LANGUAGE_STANDARD = "gnu++17";
				CLANG_ENABLE_MODULES = YES;
				CLANG_ENABLE_OBJC_ARC = YES;
				CLANG_ENABLE_OBJC_WEAK = YES;
				CLANG_WARN_BLOCK_CAPTURE_AUTORELEASING = YES;
				CLANG_WARN_BOOL_CONVERSION = YES;
				CLANG_WARN_COMMA = YES;
				CLANG_WARN_CONSTANT_CONVERSION = YES;
				CLANG_WARN_DEPRECATED_OBJC_IMPLEMENTATIONS = YES;
				CLANG_WARN_DIRECT_OBJC_ISA_USAGE = YES_ERROR;
				CLANG_WARN_DOCUMENTATION_COMMENTS = YES;
				CLANG_WARN_EMPTY_BODY = YES;
				CLANG_WARN_ENUM_CONVERSION = YES;
				CLANG_WARN_INFINITE_RECURSION = YES;
				CLANG_WARN_INT_CONVERSION = YES;
				CLANG_WARN_NON_LITERAL_NULL_CONVERSION = YES;
				CLANG_WARN_OBJC_IMPLICIT_RETAIN_SELF = YES;
				CLANG_WARN_OBJC_LITERAL_CONVERSION = YES;
				CLANG_WARN_OBJC_ROOT_CLASS = YES_ERROR;
				CLANG_WARN_QUOTED_INCLUDE_IN_FRAMEWORK_HEADER = YES;
				CLANG_WARN_RANGE_LOOP_ANALYSIS = YES;
				CLANG_WARN_STRICT_PROTOTYPES = YES;
				CLANG_WARN_SUSPICIOUS_MOVE = YES;
				CLANG_WARN_UNGUARDED_AVAILABILITY = YES_AGGRESSIVE;
				CLANG_WARN_UNREACHABLE_CODE = YES;
				CLANG_WARN__DUPLICATE_METHOD_MATCH = YES;
				COPY_PHASE_STRIP = NO;
				DEBUG_INFORMATION_FORMAT = dwarf;
				ENABLE_STRICT_OBJC_MSGSEND = YES;
				ENABLE_TESTABILITY = YES;
				GCC_C_LANGUAGE_STANDARD = gnu11;
				GCC_DYNAMIC_NO_PIC = NO;
				GCC_NO_COMMON_BLOCKS = YES;
				GCC_OPTIMIZATION_LEVEL = 0;
				GCC_PREPROCESSOR_DEFINITIONS = (
					"DEBUG=1",
					"$(inherited)",
				);
				GCC_WARN_64_TO_32_BIT_CONVERSION = YES;
				GCC_WARN_ABOUT_RETURN_TYPE = YES_ERROR;
				GCC_WARN_UNDECLARED_SELECTOR = YES;
				GCC_WARN_UNINITIALIZED_AUTOS = YES_AGGRESSIVE;
				GCC_WARN_UNUSED_FUNCTION = YES;
				GCC_WARN_UNUSED_VARIABLE = YES;
				IPHONEOS_DEPLOYMENT_TARGET = 15.5;
				MTL_ENABLE_DEBUG_INFO = INCLUDE_SOURCE;
				MTL_FAST_MATH = YES;
				ONLY_ACTIVE_ARCH = YES;
				SDKROOT = iphoneos;
				SWIFT_ACTIVE_COMPILATION_CONDITIONS = DEBUG;
				SWIFT_OPTIMIZATION_LEVEL = "-Onone";
			};
			name = Debug;
		};
		44712954285314CE0029BAAC /* Release */ = {
			isa = XCBuildConfiguration;
			buildSettings = {
				ALWAYS_SEARCH_USER_PATHS = NO;
				CLANG_ANALYZER_NONNULL = YES;
				CLANG_ANALYZER_NUMBER_OBJECT_CONVERSION = YES_AGGRESSIVE;
				CLANG_CXX_LANGUAGE_STANDARD = "gnu++17";
				CLANG_ENABLE_MODULES = YES;
				CLANG_ENABLE_OBJC_ARC = YES;
				CLANG_ENABLE_OBJC_WEAK = YES;
				CLANG_WARN_BLOCK_CAPTURE_AUTORELEASING = YES;
				CLANG_WARN_BOOL_CONVERSION = YES;
				CLANG_WARN_COMMA = YES;
				CLANG_WARN_CONSTANT_CONVERSION = YES;
				CLANG_WARN_DEPRECATED_OBJC_IMPLEMENTATIONS = YES;
				CLANG_WARN_DIRECT_OBJC_ISA_USAGE = YES_ERROR;
				CLANG_WARN_DOCUMENTATION_COMMENTS = YES;
				CLANG_WARN_EMPTY_BODY = YES;
				CLANG_WARN_ENUM_CONVERSION = YES;
				CLANG_WARN_INFINITE_RECURSION = YES;
				CLANG_WARN_INT_CONVERSION = YES;
				CLANG_WARN_NON_LITERAL_NULL_CONVERSION = YES;
				CLANG_WARN_OBJC_IMPLICIT_RETAIN_SELF = YES;
				CLANG_WARN_OBJC_LITERAL_CONVERSION = YES;
				CLANG_WARN_OBJC_ROOT_CLASS = YES_ERROR;
				CLANG_WARN_QUOTED_INCLUDE_IN_FRAMEWORK_HEADER = YES;
				CLANG_WARN_RANGE_LOOP_ANALYSIS = YES;
				CLANG_WARN_STRICT_PROTOTYPES = YES;
				CLANG_WARN_SUSPICIOUS_MOVE = YES;
				CLANG_WARN_UNGUARDED_AVAILABILITY = YES_AGGRESSIVE;
				CLANG_WARN_UNREACHABLE_CODE = YES;
				CLANG_WARN__DUPLICATE_METHOD_MATCH = YES;
				COPY_PHASE_STRIP = NO;
				DEBUG_INFORMATION_FORMAT = "dwarf-with-dsym";
				ENABLE_NS_ASSERTIONS = NO;
				ENABLE_STRICT_OBJC_MSGSEND = YES;
				GCC_C_LANGUAGE_STANDARD = gnu11;
				GCC_NO_COMMON_BLOCKS = YES;
				GCC_WARN_64_TO_32_BIT_CONVERSION = YES;
				GCC_WARN_ABOUT_RETURN_TYPE = YES_ERROR;
				GCC_WARN_UNDECLARED_SELECTOR = YES;
				GCC_WARN_UNINITIALIZED_AUTOS = YES_AGGRESSIVE;
				GCC_WARN_UNUSED_FUNCTION = YES;
				GCC_WARN_UNUSED_VARIABLE = YES;
				IPHONEOS_DEPLOYMENT_TARGET = 15.5;
				MTL_ENABLE_DEBUG_INFO = NO;
				MTL_FAST_MATH = YES;
				SDKROOT = iphoneos;
				SWIFT_COMPILATION_MODE = wholemodule;
				SWIFT_OPTIMIZATION_LEVEL = "-O";
				VALIDATE_PRODUCT = YES;
			};
			name = Release;
		};
/* End XCBuildConfiguration section */

/* Begin XCConfigurationList section */
		4447EFB8285B59EC00BF67A6 /* Build configuration list for PBXNativeTarget "Demo" */ = {
			isa = XCConfigurationList;
			buildConfigurations = (
				4447EFB9285B59EC00BF67A6 /* Debug */,
				4447EFBA285B59EC00BF67A6 /* Release */,
			);
			defaultConfigurationIsVisible = 0;
			defaultConfigurationName = Release;
		};
		44712942285314CC0029BAAC /* Build configuration list for PBXProject "Podlodka" */ = {
			isa = XCConfigurationList;
			buildConfigurations = (
				44712953285314CE0029BAAC /* Debug */,
				44712954285314CE0029BAAC /* Release */,
			);
			defaultConfigurationIsVisible = 0;
			defaultConfigurationName = Release;
		};
/* End XCConfigurationList section */
	};
	rootObject = 4471293F285314CC0029BAAC /* Project object */;
}
